# This file is @generated by PDM.
# It is not intended for manual editing.

[metadata]
groups = ["default"]
strategy = ["cross_platform", "inherit_metadata"]
lock_version = "4.4.2"
content_hash = "sha256:e724476946e8c027a81e868f4e369f80ff8d2a0f2dfc90883d673a12a392a927"

[[package]]
name = "j25ng-lotto"
version = "0.2.1"
requires_python = ">=3.9"
summary = "Default template for PDM package"
groups = ["default"]
files = [
    {file = "j25ng_lotto-0.2.1-py3-none-any.whl", hash = "sha256:827ab4dcf897c32441086497e39e57fa25152925f35938e8fb334c74ab6913b0"},
    {file = "j25ng_lotto-0.2.1.tar.gz", hash = "sha256:5472f630765f24d14d437205ca893836453cfef54776946edbf5bac7ae1357c8"},
]
